
Microsoft Visual Studio Solution File, Format Version 12.00
# Visual Studio 15
VisualStudioVersion = 15.0.27703.2026
MinimumVisualStudioVersion = 10.0.40219.1
Project("{FAE04EC0-301F-11D3-BF4B-00C04F79EFBC}") = "TodayInHistory.API", "TodayInHistory.API\TodayInHistory.API.csproj", "{8D88A82A-E5BC-4383-B9FC-85B54246D53A}"
EndProject
Project("{FAE04EC0-301F-11D3-BF4B-00C04F79EFBC}") = "TodayInHistory.API.Tests", "TodayInHistory.API.Tests\TodayInHistory.API.Tests.csproj", "{D5F43FC6-66AE-4A69-B7FC-3DB353C09C4A}"
EndProject
Project("{FAE04EC0-301F-11D3-BF4B-00C04F79EFBC}") = "TodayInHistory.Domain", "TodayInHistory.Domain\TodayInHistory.Domain.csproj", "{5659C323-F15E-4115-96FE-65AA8986CF36}"
EndProject
Project("{FAE04EC0-301F-11D3-BF4B-00C04F79EFBC}") = "TodayInHistory.Repository", "TodayInHistory.Repository\TodayInHistory.Repository.csproj", "{3D4AE854-8465-4242-A6C3-5C725815E289}"
EndProject
Global
	GlobalSection(SolutionConfigurationPlatforms) = preSolution
		Debug|Any CPU = Debug|Any CPU
		Release|Any CPU = Release|Any CPU
	EndGlobalSection
	GlobalSection(ProjectConfigurationPlatforms) = postSolution
		{8D88A82A-E5BC-4383-B9FC-85B54246D53A}.Debug|Any CPU.ActiveCfg = Debug|Any CPU
		{8D88A82A-E5BC-4383-B9FC-85B54246D53A}.Debug|Any CPU.Build.0 = Debug|Any CPU
		{8D88A82A-E5BC-4383-B9FC-85B54246D53A}.Release|Any CPU.ActiveCfg = Release|Any CPU
		{8D88A82A-E5BC-4383-B9FC-85B54246D53A}.Release|Any CPU.Build.0 = Release|Any CPU
		{D5F43FC6-66AE-4A69-B7FC-3DB353C09C4A}.Debug|Any CPU.ActiveCfg = Debug|Any CPU
		{D5F43FC6-66AE-4A69-B7FC-3DB353C09C4A}.Debug|Any CPU.Build.0 = Debug|Any CPU
		{D5F43FC6-66AE-4A69-B7FC-3DB353C09C4A}.Release|Any CPU.ActiveCfg = Release|Any CPU
		{D5F43FC6-66AE-4A69-B7FC-3DB353C09C4A}.Release|Any CPU.Build.0 = Release|Any CPU
		{5659C323-F15E-4115-96FE-65AA8986CF36}.Debug|Any CPU.ActiveCfg = Debug|Any CPU
		{5659C323-F15E-4115-96FE-65AA8986CF36}.Debug|Any CPU.Build.0 = Debug|Any CPU
		{5659C323-F15E-4115-96FE-65AA8986CF36}.Release|Any CPU.ActiveCfg = Release|Any CPU
		{5659C323-F15E-4115-96FE-65AA8986CF36}.Release|Any CPU.Build.0 = Release|Any CPU
		{3D4AE854-8465-4242-A6C3-5C725815E289}.Debug|Any CPU.ActiveCfg = Debug|Any CPU
		{3D4AE854-8465-4242-A6C3-5C725815E289}.Debug|Any CPU.Build.0 = Debug|Any CPU
		{3D4AE854-8465-4242-A6C3-5C725815E289}.Release|Any CPU.ActiveCfg = Release|Any CPU
		{3D4AE854-8465-4242-A6C3-5C725815E289}.Release|Any CPU.Build.0 = Release|Any CPU
	EndGlobalSection
	GlobalSection(SolutionProperties) = preSolution
		HideSolutionNode = FALSE
	EndGlobalSection
	GlobalSection(ExtensibilityGlobals) = postSolution
		EnterpriseLibraryConfigurationToolBinariesPathV6 = packages\EnterpriseLibrary.Common.6.0.1304.0\lib\NET45;packages\EnterpriseLibrary.Data.6.0.1304.0\lib\NET45
		SolutionGuid = {FD65EC3C-A866-42C8-96C3-55A1B6A53384}
	EndGlobalSection
EndGlobal
